
{
  "name": "tiptap-annotation-magic",
  "version": "2.0.1",
  "lockfileVersion": 3,
  "requires": true,
  "packages": {
    "": {
      "name": "tiptap-annotation-magic",
      "version": "2.0.1",
      "license": "MIT",
      "dependencies": {
        "@tiptap/core": "^2.1.7",
        "@tiptap/pm": "^2.1.7"
      },
      "devDependencies": {
        "@types/jest": "^29.5.3",
        "jest": "^29.6.2",
        "prettier": "^3.0.2",
        "ts-jest": "^29.1.1",
        "ts-node": "^10.9.1",
        "typescript": "^5.1.6"
      }
    },
    "node_modules/@ampproject/remapping": {
      "version": "2.2.1",
      "resolved": "https://registry.npmjs.org/@ampproject/remapping/-/remapping-2.2.1.tgz",
      "integrity": "sha512-lFMjJTrFL3j7L9yBxwYfCq2k6qqwHyzuUl/XBnif78PWTJYyL/dfowQHWE3sp6U6ZzqWiiIZnpTMO96zhkjwtg==",
      "dev": true,
      "dependencies": {
        "@jridgewell/gen-mapping": "^0.3.0",
        "@jridgewell/trace-mapping": "^0.3.9"
      },
      "engines": {
        "node": ">=6.0.0"
      }
    },
    "node_modules/@babel/code-frame": {
      "version": "7.22.10",
      "resolved": "https://registry.npmjs.org/@babel/code-frame/-/code-frame-7.22.10.tgz",
      "integrity": "sha512-/KKIMG4UEL35WmI9OlvMhurwtytjvXoFcGNrOvyG9zIzA8YmPjVtIZUf7b05+TPO7G7/GEmLHDaoCgACHl9hhA==",
      "dev": true,
      "dependencies": {
        "@babel/highlight": "^7.22.10",
        "chalk": "^2.4.2"
      },
      "engines": {
        "node": ">=6.9.0"
      }
    },
    "node_modules/@babel/code-frame/node_modules/ansi-styles": {
      "version": "3.2.1",
      "resolved": "https://registry.npmjs.org/ansi-styles/-/ansi-styles-3.2.1.tgz",
      "integrity": "sha512-VT0ZI6kZRdTh8YyJw3SMbYm/u+NqfsAxEpWO0Pf9sq8/e94WxxOpPKx9FR1FlyCtOVDNOQ+8ntlqFxiRc+r5qA==",
      "dev": true,
      "dependencies": {
        "color-convert": "^1.9.0"
      },
      "engines": {
        "node": ">=4"
      }
    },
    "node_modules/@babel/code-frame/node_modules/chalk": {
      "version": "2.4.2",
      "resolved": "https://registry.npmjs.org/chalk/-/chalk-2.4.2.tgz",
      "integrity": "sha512-Mti+f9lpJNcwF4tWV8/OrTTtF1gZi+f8FqlyAdouralcFWFQWF2+NgCHShjkCb+IFBLq9buZwE1xckQU4peSuQ==",
      "dev": true,
      "dependencies": {