
{
  "name": "tiptap-annotation-magic",
  "version": "2.0.1",
  "lockfileVersion": 3,
  "requires": true,
  "packages": {
    "": {
      "name": "tiptap-annotation-magic",
      "version": "2.0.1",
      "license": "MIT",
      "dependencies": {
        "@tiptap/core": "^2.1.7",
        "@tiptap/pm": "^2.1.7"
      },